<?xml version="1.0" encoding="utf-8"?>
<Project ToolsVersion="4.0" xmlns="http://schemas.microsoft.com/developer/msbuild/2003">
  <ItemGroup>
    <CudaCompile Include="kernel.cu" />
    <CudaCompile Include="keeloq_generators.cu">
      <Filter>keeloq</Filter>
    </CudaCompile>
    <CudaCompile Include="keeloq_main.cu">
      <Filter>keeloq</Filter>
    </CudaCompile>
    <CudaCompile Include="keeloq_types.cu">
      <Filter>keeloq</Filter>
    </CudaCompile>
    <CudaCompile Include="host\types\bruteforce_filters.cu">
      <Filter>kernels</Filter>
    </CudaCompile>
    <CudaCompile Include="host\types\bruteforce_alphabet.cu">
      <Filter>kernels</Filter>
    </CudaCompile>
  </ItemGroup>
  <ItemGroup>
    <ClInclude Include="keeloq_generators.cuh">
      <Filter>keeloq</Filter>
    </ClInclude>
    <ClInclude Include="keeloq_main.cuh">
      <Filter>keeloq</Filter>
    </ClInclude>
    <ClInclude Include="CUDA_check.cuh">
      <Filter>CUDA</Filter>
    </ClInclude>
    <ClInclude Include="CUDA_helpers.cuh">
      <Filter>CUDA</Filter>
    </ClInclude>
    <ClInclude Include="kernel.cuh" />
    <ClInclude Include="keeloq_types.cuh">
      <Filter>keeloq</Filter>
    </ClInclude>
    <ClInclude Include="host\console.h">
      <Filter>host</Filter>
    </ClInclude>
    <ClInclude Include="host\types\keeloq_learning_types.h">
      <Filter>host\types</Filter>
    </ClInclude>
    <ClInclude Include="host\types\keeloq_single_result.h">
      <Filter>host\types</Filter>
    </ClInclude>
    <ClInclude Include="host\types\command_line_args.h">
      <Filter>host\types</Filter>
    </ClInclude>
    <ClInclude Include="host\types\bruteforce_config.h">
      <Filter>host\types</Filter>
    </ClInclude>
    <ClInclude Include="host\types\bruteforce_filters.h">
      <Filter>host\types</Filter>
    </ClInclude>
    <ClInclude Include="unroll.h" />
    <ClInclude Include="kernels.cuh">
      <Filter>kernels</Filter>
    </ClInclude>
    <ClInclude Include="common.h" />
    <ClInclude Include="host\types\bruteforce_type.h">
      <Filter>host\types</Filter>
    </ClInclude>
    <ClInclude Include="host\types\keeloq_decryptor.h">
      <Filter>host\types</Filter>
    </ClInclude>
    <ClInclude Include="host\types\bruteforce_alphabet.h">
      <Filter>host\types</Filter>
    </ClInclude>
  </ItemGroup>
  <ItemGroup>
    <Filter Include="keeloq">
      <UniqueIdentifier>{afe2570b-1691-4a25-9e8b-615c4d4013cf}</UniqueIdentifier>
    </Filter>
    <Filter Include="CUDA">
      <UniqueIdentifier>{829575b9-e9f3-4274-b335-f3069ce82e5f}</UniqueIdentifier>
    </Filter>
    <Filter Include="host">
      <UniqueIdentifier>{d58c5d00-01d9-4cfc-a18f-6b503d35fa86}</UniqueIdentifier>
    </Filter>
    <Filter Include="host\types">
      <UniqueIdentifier>{cefd7d3d-1125-4b3d-8dfa-93e4b168010a}</UniqueIdentifier>
    </Filter>
    <Filter Include="kernels">
      <UniqueIdentifier>{fbe89dea-8a15-45d3-9cfb-db5aef48167a}</UniqueIdentifier>
    </Filter>
  </ItemGroup>
  <ItemGroup>
    <ClCompile Include="host\types\keeloq_learning_types.cpp">
      <Filter>host\types</Filter>
    </ClCompile>
    <ClCompile Include="host\types\keeloq_single_result.cpp">
      <Filter>host\types</Filter>
    </ClCompile>
    <ClCompile Include="host\types\command_line_args.cpp">
      <Filter>host\types</Filter>
    </ClCompile>
    <ClCompile Include="host\types\bruteforce_config.cpp">
      <Filter>host\types</Filter>
    </ClCompile>
    <ClCompile Include="host\types\bruteforce_filters.cpp">
      <Filter>host\types</Filter>
    </ClCompile>
    <ClCompile Include="host\types\bruteforce_type.cpp">
      <Filter>host\types</Filter>
    </ClCompile>
    <ClCompile Include="host\types\bruteforce_alphabet.cpp">
      <Filter>host\types</Filter>
    </ClCompile>
  </ItemGroup>
</Project>